github.com/fcarriedo/mult v0.1.0 h1:9ANF3FVgrXWeLUcdH0Ikunko5gtTstbEn27zmAP4Sng=
github.com/fcarriedo/mult v0.1.0/go.mod h1:+wdEgwocWZcRMfSydJllUaa9dNEC6TstAI872R3XqYw=
github.com/thatisuday/nummanip v1.0.1 h1:vYe5+urIXYxT4ZgGTsomI2pwG7KNcDwIkWArkplkzqg=
github.com/thatisuday/nummanip v1.0.1/go.mod h1:YEBa+5G7gQBSeTlSycTmRGXZqBtquR3QAfuGOEIMv3g=
